
Microsoft Visual Studio Solution File, Format Version 12.00
# Visual Studio 15
VisualStudioVersion = 15.0.27004.2002
MinimumVisualStudioVersion = 10.0.40219.1
Project("{8BC9CEB8-8B4A-11D0-8D11-00A0C91BC942}") = "Car", "Car\Car.vcxproj", "{65D316D6-C758-4EAB-99E8-550B809C25B8}"
EndProject
Global
	GlobalSection(SolutionConfigurationPlatforms) = preSolution
		Debug|x64 = Debug|x64
		Debug|x86 = Debug|x86
		Release|x64 = Release|x64
		Release|x86 = Release|x86
	EndGlobalSection
	GlobalSection(ProjectConfigurationPlatforms) = postSolution
		{65D316D6-C758-4EAB-99E8-550B809C25B8}.Debug|x64.ActiveCfg = Debug|x64
		{65D316D6-C758-4EAB-99E8-550B809C25B8}.Debug|x64.Build.0 = Debug|x64
		{65D316D6-C758-4EAB-99E8-550B809C25B8}.Debug|x86.ActiveCfg = Debug|Win32
		{65D316D6-C758-4EAB-99E8-550B809C25B8}.Debug|x86.Build.0 = Debug|Win32
		{65D316D6-C758-4EAB-99E8-550B809C25B8}.Release|x64.ActiveCfg = Release|x64
		{65D316D6-C758-4EAB-99E8-550B809C25B8}.Release|x64.Build.0 = Release|x64
		{65D316D6-C758-4EAB-99E8-550B809C25B8}.Release|x86.ActiveCfg = Release|Win32
		{65D316D6-C758-4EAB-99E8-550B809C25B8}.Release|x86.Build.0 = Release|Win32
	EndGlobalSection
	GlobalSection(SolutionProperties) = preSolution
		HideSolutionNode = FALSE
	EndGlobalSection
	GlobalSection(ExtensibilityGlobals) = postSolution
		SolutionGuid = {7B483254-A0E0-4679-99FA-4E1DA52D5217}
	EndGlobalSection
EndGlobal
