
Microsoft Visual Studio Solution File, Format Version 12.00
# Visual Studio 15
VisualStudioVersion = 15.0.27004.2002
MinimumVisualStudioVersion = 10.0.40219.1
Project("{8BC9CEB8-8B4A-11D0-8D11-00A0C91BC942}") = "Chap08_04", "Chap08_04\Chap08_04.vcxproj", "{C9C5E70D-824C-467D-B66E-B0600A3A1596}"
EndProject
Global
	GlobalSection(SolutionConfigurationPlatforms) = preSolution
		Debug|x64 = Debug|x64
		Debug|x86 = Debug|x86
		Release|x64 = Release|x64
		Release|x86 = Release|x86
	EndGlobalSection
	GlobalSection(ProjectConfigurationPlatforms) = postSolution
		{C9C5E70D-824C-467D-B66E-B0600A3A1596}.Debug|x64.ActiveCfg = Debug|x64
		{C9C5E70D-824C-467D-B66E-B0600A3A1596}.Debug|x64.Build.0 = Debug|x64
		{C9C5E70D-824C-467D-B66E-B0600A3A1596}.Debug|x86.ActiveCfg = Debug|Win32
		{C9C5E70D-824C-467D-B66E-B0600A3A1596}.Debug|x86.Build.0 = Debug|Win32
		{C9C5E70D-824C-467D-B66E-B0600A3A1596}.Release|x64.ActiveCfg = Release|x64
		{C9C5E70D-824C-467D-B66E-B0600A3A1596}.Release|x64.Build.0 = Release|x64
		{C9C5E70D-824C-467D-B66E-B0600A3A1596}.Release|x86.ActiveCfg = Release|Win32
		{C9C5E70D-824C-467D-B66E-B0600A3A1596}.Release|x86.Build.0 = Release|Win32
	EndGlobalSection
	GlobalSection(SolutionProperties) = preSolution
		HideSolutionNode = FALSE
	EndGlobalSection
	GlobalSection(ExtensibilityGlobals) = postSolution
		SolutionGuid = {5803BE8D-CAAB-4B89-90A9-7FF28E8F925C}
	EndGlobalSection
EndGlobal
